
Microsoft Visual Studio Solution File, Format Version 12.00
# Visual Studio Version 16
VisualStudioVersion = 16.0.32901.82
MinimumVisualStudioVersion = 10.0.40219.1
Project("{FAE04EC0-301F-11D3-BF4B-00C04F79EFBC}") = "TestAutomationPractice", "TestAutomationPractice\TestAutomationPractice.csproj", "{0DEA5271-6B87-47DE-90F8-24EA0511693C}"
EndProject
Global
	GlobalSection(SolutionConfigurationPlatforms) = preSolution
		Debug|Any CPU = Debug|Any CPU
		Release|Any CPU = Release|Any CPU
	EndGlobalSection
	GlobalSection(ProjectConfigurationPlatforms) = postSolution
		{0DEA5271-6B87-47DE-90F8-24EA0511693C}.Debug|Any CPU.ActiveCfg = Debug|Any CPU
		{0DEA5271-6B87-47DE-90F8-24EA0511693C}.Debug|Any CPU.Build.0 = Debug|Any CPU
		{0DEA5271-6B87-47DE-90F8-24EA0511693C}.Release|Any CPU.ActiveCfg = Release|Any CPU
		{0DEA5271-6B87-47DE-90F8-24EA0511693C}.Release|Any CPU.Build.0 = Release|Any CPU
	EndGlobalSection
	GlobalSection(SolutionProperties) = preSolution
		HideSolutionNode = FALSE
	EndGlobalSection
	GlobalSection(ExtensibilityGlobals) = postSolution
		SolutionGuid = {227109BB-9FA9-4D49-B578-0AAFE9235018}
	EndGlobalSection
EndGlobal
